
Microsoft Visual Studio Solution File, Format Version 12.00
# Visual Studio 2012
Project("{FAE04EC0-301F-11D3-BF4B-00C04F79EFBC}") = "NotificationsEndpoint", "NotificationsEndpoint\NotificationsEndpoint.csproj", "{66DD8F17-2361-40B4-8FC2-02339787E6D9}"
EndProject
Project("{2150E333-8FDC-42A3-9474-1A3956D46DE8}") = ".nuget", ".nuget", "{52409196-2D53-478F-A011-577C9D7D6D5A}"
	ProjectSection(SolutionItems) = preProject
		.nuget\NuGet.Config = .nuget\NuGet.Config
		.nuget\NuGet.exe = .nuget\NuGet.exe
		.nuget\NuGet.targets = .nuget\NuGet.targets
	EndProjectSection
EndProject
Global
	GlobalSection(SolutionConfigurationPlatforms) = preSolution
		Debug|Any CPU = Debug|Any CPU
		Release|Any CPU = Release|Any CPU
	EndGlobalSection
	GlobalSection(ProjectConfigurationPlatforms) = postSolution
		{66DD8F17-2361-40B4-8FC2-02339787E6D9}.Debug|Any CPU.ActiveCfg = Debug|Any CPU
		{66DD8F17-2361-40B4-8FC2-02339787E6D9}.Debug|Any CPU.Build.0 = Debug|Any CPU
		{66DD8F17-2361-40B4-8FC2-02339787E6D9}.Release|Any CPU.ActiveCfg = Release|Any CPU
		{66DD8F17-2361-40B4-8FC2-02339787E6D9}.Release|Any CPU.Build.0 = Release|Any CPU
	EndGlobalSection
	GlobalSection(SolutionProperties) = preSolution
		HideSolutionNode = FALSE
	EndGlobalSection
EndGlobal
